
Microsoft Visual Studio Solution File, Format Version 12.00
# Visual Studio Version 17
VisualStudioVersion = 17.14.36121.58 d17.14
MinimumVisualStudioVersion = 10.0.40219.1
Project("{FAE04EC0-301F-11D3-BF4B-00C04F79EFBC}") = "square", "square.csproj", "{B523A514-1A83-4962-9AF9-1A74C8E27738}"
EndProject
Global
	GlobalSection(SolutionConfigurationPlatforms) = preSolution
		Debug|Any CPU = Debug|Any CPU
		Release|Any CPU = Release|Any CPU
	EndGlobalSection
	GlobalSection(ProjectConfigurationPlatforms) = postSolution
		{B523A514-1A83-4962-9AF9-1A74C8E27738}.Debug|Any CPU.ActiveCfg = Debug|Any CPU
		{B523A514-1A83-4962-9AF9-1A74C8E27738}.Debug|Any CPU.Build.0 = Debug|Any CPU
		{B523A514-1A83-4962-9AF9-1A74C8E27738}.Release|Any CPU.ActiveCfg = Release|Any CPU
		{B523A514-1A83-4962-9AF9-1A74C8E27738}.Release|Any CPU.Build.0 = Release|Any CPU
	EndGlobalSection
	GlobalSection(SolutionProperties) = preSolution
		HideSolutionNode = FALSE
	EndGlobalSection
	GlobalSection(ExtensibilityGlobals) = postSolution
		SolutionGuid = {89F2523B-19EC-4953-B0EB-3F49A8900582}
	EndGlobalSection
EndGlobal
